
Microsoft Visual Studio Solution File, Format Version 12.00
# Visual Studio Version 17
VisualStudioVersion = 17.13.35931.197 d17.13
MinimumVisualStudioVersion = 10.0.40219.1
Project("{FAE04EC0-301F-11D3-BF4B-00C04F79EFBC}") = "FactoryMethod", "FactoryMethod.csproj", "{2FE2B5B1-7950-4366-80BA-83BDC1CDA287}"
EndProject
Global
	GlobalSection(SolutionConfigurationPlatforms) = preSolution
		Debug|Any CPU = Debug|Any CPU
		Release|Any CPU = Release|Any CPU
	EndGlobalSection
	GlobalSection(ProjectConfigurationPlatforms) = postSolution
		{2FE2B5B1-7950-4366-80BA-83BDC1CDA287}.Debug|Any CPU.ActiveCfg = Debug|Any CPU
		{2FE2B5B1-7950-4366-80BA-83BDC1CDA287}.Debug|Any CPU.Build.0 = Debug|Any CPU
		{2FE2B5B1-7950-4366-80BA-83BDC1CDA287}.Release|Any CPU.ActiveCfg = Release|Any CPU
		{2FE2B5B1-7950-4366-80BA-83BDC1CDA287}.Release|Any CPU.Build.0 = Release|Any CPU
	EndGlobalSection
	GlobalSection(SolutionProperties) = preSolution
		HideSolutionNode = FALSE
	EndGlobalSection
	GlobalSection(ExtensibilityGlobals) = postSolution
		SolutionGuid = {EE0F0572-B7C3-4868-A6AE-3599CFE1FB13}
	EndGlobalSection
EndGlobal
